// !$*UTF8*$!
{
	archiveVersion = 1;
	classes = {
	};
	objectVersion = 48;
	objects = {

/* Begin PBXBuildFile section */
		360D1EE926A7B0A455BB7344 /* Pods_sharkCollector.framework in Frameworks */ = {isa = PBXBuildFile; fileRef = 2DBCC74E2538146283CE2A09 /* Pods_sharkCollector.framework */; };
		590BCC1F1F8C885400C2D453 /* AppDelegate.swift in Sources */ = {isa = PBXBuildFile; fileRef = 590BCC1E1F8C885400C2D453 /* AppDelegate.swift */; };
		590BCC241F8C885400C2D453 /* Main.storyboard in Resources */ = {isa = PBXBuildFile; fileRef = 590BCC221F8C885400C2D453 /* Main.storyboard */; };
		590BCC261F8C885400C2D453 /* Assets.xcassets in Resources */ = {isa = PBXBuildFile; fileRef = 590BCC251F8C885400C2D453 /* Assets.xcassets */; };
		590BCC291F8C885400C2D453 /* LaunchScreen.storyboard in Resources */ = {isa = PBXBuildFile; fileRef = 590BCC271F8C885400C2D453 /* LaunchScreen.storyboard */; };
		590BCC391F8C8E4500C2D453 /* SignInViewController.swift in Sources */ = {isa = PBXBuildFile; fileRef = 590BCC381F8C8E4500C2D453 /* SignInViewController.swift */; };
		590BCC3B1F8C8E4E00C2D453 /* SignUpViewController.swift in Sources */ = {isa = PBXBuildFile; fileRef = 590BCC3A1F8C8E4E00C2D453 /* SignUpViewController.swift */; };
		590BCC3D1F8C8E7000C2D453 /* BorrowerViewController.swift in Sources */ = {isa = PBXBuildFile; fileRef = 590BCC3C1F8C8E7000C2D453 /* BorrowerViewController.swift */; };
		590BCC3F1F8C8E8F00C2D453 /* AddBorrowerViewController.swift in Sources */ = {isa = PBXBuildFile; fileRef = 590BCC3E1F8C8E8F00C2D453 /* AddBorrowerViewController.swift */; };
		590BCC431F8C8F3100C2D453 /* PaymentsTableViewController.swift in Sources */ = {isa = PBXBuildFile; fileRef = 590BCC421F8C8F3100C2D453 /* PaymentsTableViewController.swift */; };
		590BCC451F8C8F3E00C2D453 /* BorrowersTableViewController.swift in Sources */ = {isa = PBXBuildFile; fileRef = 590BCC441F8C8F3E00C2D453 /* BorrowersTableViewController.swift */; };
		590BCC481F8C94D200C2D453 /* GoogleService-Info.plist in Resources */ = {isa = PBXBuildFile; fileRef = 590BCC471F8C942D00C2D453 /* GoogleService-Info.plist */; };
		590BCC4C1F8D66A300C2D453 /* Borrower.swift in Sources */ = {isa = PBXBuildFile; fileRef = 590BCC4B1F8D66A200C2D453 /* Borrower.swift */; };
		590BCC4E1F8D67D200C2D453 /* Payments.swift in Sources */ = {isa = PBXBuildFile; fileRef = 590BCC4D1F8D67D200C2D453 /* Payments.swift */; };
/* End PBXBuildFile section */

/* Begin PBXFileReference section */
		16F0F7F4FD367FBD4D0F77AC /* Pods-sharkCollector.debug.xcconfig */ = {isa = PBXFileReference; includeInIndex = 1; lastKnownFileType = text.xcconfig; name = "Pods-sharkCollector.debug.xcconfig"; path = "Pods/Target Support Files/Pods-sharkCollector/Pods-sharkCollector.debug.xcconfig"; sourceTree = "<group>"; };
		2DBCC74E2538146283CE2A09 /* Pods_sharkCollector.framework */ = {isa = PBXFileReference; explicitFileType = wrapper.framework; includeInIndex = 0; path = Pods_sharkCollector.framework; sourceTree = BUILT_PRODUCTS_DIR; };
		590BCC1B1F8C885400C2D453 /* sharkCollector.app */ = {isa = PBXFileReference; explicitFileType = wrapper.application; includeInIndex = 0; path = sharkCollector.app; sourceTree = BUILT_PRODUCTS_DIR; };
		590BCC1E1F8C885400C2D453 /* AppDelegate.swift */ = {isa = PBXFileReference; lastKnownFileType = sourcecode.swift; path = AppDelegate.swift; sourceTree = "<group>"; };
		590BCC231F8C885400C2D453 /* Base */ = {isa = PBXFileReference; lastKnownFileType = file.storyboard; name = Base; path = Base.lproj/Main.storyboard; sourceTree = "<group>"; };
		590BCC251F8C885400C2D453 /* Assets.xcassets */ = {isa = PBXFileReference; lastKnownFileType = folder.assetcatalog; path = Assets.xcassets; sourceTree = "<group>"; };
		590BCC281F8C885400C2D453 /* Base */ = {isa = PBXFileReference; lastKnownFileType = file.storyboard; name = Base; path = Base.lproj/LaunchScreen.storyboard; sourceTree = "<group>"; };
		590BCC2A1F8C885400C2D453 /* Info.plist */ = {isa = PBXFileReference; lastKnownFileType = text.plist.xml; path = Info.plist; sourceTree = "<group>"; };
		590BCC381F8C8E4500C2D453 /* SignInViewController.swift */ = {isa = PBXFileReference; lastKnownFileType = sourcecode.swift; path = SignInViewController.swift; sourceTree = "<group>"; };
		590BCC3A1F8C8E4E00C2D453 /* SignUpViewController.swift */ = {isa = PBXFileReference; lastKnownFileType = sourcecode.swift; path = SignUpViewController.swift; sourceTree = "<group>"; };
		590BCC3C1F8C8E7000C2D453 /* BorrowerViewController.swift */ = {isa = PBXFileReference; lastKnownFileType = sourcecode.swift; path = BorrowerViewController.swift; sourceTree = "<group>"; };
		590BCC3E1F8C8E8F00C2D453 /* AddBorrowerViewController.swift */ = {isa = PBXFileReference; lastKnownFileType = sourcecode.swift; path = AddBorrowerViewController.swift; sourceTree = "<group>"; };
		590BCC421F8C8F3100C2D453 /* PaymentsTableViewController.swift */ = {isa = PBXFileReference; lastKnownFileType = sourcecode.swift; path = PaymentsTableViewController.swift; sourceTree = "<group>"; };
		590BCC441F8C8F3E00C2D453 /* BorrowersTableViewController.swift */ = {isa = PBXFileReference; lastKnownFileType = sourcecode.swift; path = BorrowersTableViewController.swift; sourceTree = "<group>"; };
		590BCC471F8C942D00C2D453 /* GoogleService-Info.plist */ = {isa = PBXFileReference; lastKnownFileType = text.plist.xml; name = "GoogleService-Info.plist"; path = "../../../../../../Downloads/GoogleService-Info.plist"; sourceTree = "<group>"; };
		590BCC4B1F8D66A200C2D453 /* Borrower.swift */ = {isa = PBXFileReference; lastKnownFileType = sourcecode.swift; path = Borrower.swift; sourceTree = "<group>"; };
		590BCC4D1F8D67D200C2D453 /* Payments.swift */ = {isa = PBXFileReference; lastKnownFileType = sourcecode.swift; path = Payments.swift; sourceTree = "<group>"; };
		C02DC6A60FA912D9C28A7723 /* Pods-sharkCollector.release.xcconfig */ = {isa = PBXFileReference; includeInIndex = 1; lastKnownFileType = text.xcconfig; name = "Pods-sharkCollector.release.xcconfig"; path = "Pods/Target Support Files/Pods-sharkCollector/Pods-sharkCollector.release.xcconfig"; sourceTree = "<group>"; };
/* End PBXFileReference section */

/* Begin PBXFrameworksBuildPhase section */
		590BCC181F8C885400C2D453 /* Frameworks */ = {
			isa = PBXFrameworksBuildPhase;
			buildActionMask = 2147483647;
			files = (
				360D1EE926A7B0A455BB7344 /* Pods_sharkCollector.framework in Frameworks */,
			);
			runOnlyForDeploymentPostprocessing = 0;
		};
/* End PBXFrameworksBuildPhase section */

/* Begin PBXGroup section */
		590BCC121F8C885400C2D453 = {
			isa = PBXGroup;
			children = (
				590BCC1D1F8C885400C2D453 /* sharkCollector */,
				590BCC1C1F8C885400C2D453 /* Products */,
				ED1579FE3A8299F7B5D37A54 /* Pods */,
				5F313D057B4E04C582D5D991 /* Frameworks */,
			);
			sourceTree = "<group>";
		};
		590BCC1C1F8C885400C2D453 /* Products */ = {
			isa = PBXGroup;
			children = (
				590BCC1B1F8C885400C2D453 /* sharkCollector.app */,
			);
			name = Products;
			sourceTree = "<group>";
		};
		590BCC1D1F8C885400C2D453 /* sharkCollector */ = {
			isa = PBXGroup;
			children = (
				590BCC4A1F8D666500C2D453 /* Model */,
				590BCC311F8C886C00C2D453 /* Controller */,
				590BCC321F8C887600C2D453 /* Views */,
				590BCC301F8C885D00C2D453 /* Resources */,
			);
			path = sharkCollector;
			sourceTree = "<group>";
		};
		590BCC301F8C885D00C2D453 /* Resources */ = {
			isa = PBXGroup;
			children = (
				590BCC1E1F8C885400C2D453 /* AppDelegate.swift */,
				590BCC251F8C885400C2D453 /* Assets.xcassets */,
				590BCC271F8C885400C2D453 /* LaunchScreen.storyboard */,
				590BCC2A1F8C885400C2D453 /* Info.plist */,
				590BCC471F8C942D00C2D453 /* GoogleService-Info.plist */,
			);
			path = Resources;
			sourceTree = "<group>";
		};
		590BCC311F8C886C00C2D453 /* Controller */ = {
			isa = PBXGroup;
			children = (
				590BCC411F8C8EB800C2D453 /* ViewControllers */,
				590BCC461F8C8F4400C2D453 /* TableViewControllers */,
			);
			path = Controller;
			sourceTree = "<group>";
		};
		590BCC321F8C887600C2D453 /* Views */ = {
			isa = PBXGroup;
			children = (
				590BCC221F8C885400C2D453 /* Main.storyboard */,
			);
			path = Views;
			sourceTree = "<group>";
		};
		590BCC411F8C8EB800C2D453 /* ViewControllers */ = {
			isa = PBXGroup;
			children = (
				590BCC381F8C8E4500C2D453 /* SignInViewController.swift */,
				590BCC3A1F8C8E4E00C2D453 /* SignUpViewController.swift */,
				590BCC3C1F8C8E7000C2D453 /* BorrowerViewController.swift */,
				590BCC3E1F8C8E8F00C2D453 /* AddBorrowerViewController.swift */,
			);
			path = ViewControllers;
			sourceTree = "<group>";
		};
		590BCC461F8C8F4400C2D453 /* TableViewControllers */ = {
			isa = PBXGroup;
			children = (
				590BCC421F8C8F3100C2D453 /* PaymentsTableViewController.swift */,
				590BCC441F8C8F3E00C2D453 /* BorrowersTableViewController.swift */,
			);
			path = TableViewControllers;
			sourceTree = "<group>";
		};
		590BCC4A1F8D666500C2D453 /* Model */ = {
			isa = PBXGroup;
			children = (
				590BCC4B1F8D66A200C2D453 /* Borrower.swift */,
				590BCC4D1F8D67D200C2D453 /* Payments.swift */,
			);
			path = Model;
			sourceTree = "<group>";
		};
		5F313D057B4E04C582D5D991 /* Frameworks */ = {
			isa = PBXGroup;
			children = (
				2DBCC74E2538146283CE2A09 /* Pods_sharkCollector.framework */,
			);
			name = Frameworks;
			sourceTree = "<group>";
		};
		ED1579FE3A8299F7B5D37A54 /* Pods */ = {
			isa = PBXGroup;
			children = (
				16F0F7F4FD367FBD4D0F77AC /* Pods-sharkCollector.debug.xcconfig */,
				C02DC6A60FA912D9C28A7723 /* Pods-sharkCollector.release.xcconfig */,
			);
			name = Pods;
			sourceTree = "<group>";
		};
/* End PBXGroup section */

/* Begin PBXNativeTarget section */
		590BCC1A1F8C885400C2D453 /* sharkCollector */ = {
			isa = PBXNativeTarget;
			buildConfigurationList = 590BCC2D1F8C885400C2D453 /* Build configuration list for PBXNativeTarget "sharkCollector" */;
			buildPhases = (
				A6512C138985991A95D838B9 /* [CP] Check Pods Manifest.lock */,
				590BCC171F8C885400C2D453 /* Sources */,
				590BCC181F8C885400C2D453 /* Frameworks */,
				590BCC191F8C885400C2D453 /* Resources */,
				ED83FB75545064CAC2B3F011 /* [CP] Embed Pods Frameworks */,
				C6C48E7A2B08DEA6C2702ACE /* [CP] Copy Pods Resources */,
			);
			buildRules = (
			);
			dependencies = (
			);
			name = sharkCollector;
			productName = sharkCollector;
			productReference = 590BCC1B1F8C885400C2D453 /* sharkCollector.app */;
			productType = "com.apple.product-type.application";
		};
/* End PBXNativeTarget section */

/* Begin PBXProject section */
		590BCC131F8C885400C2D453 /* Project object */ = {
			isa = PBXProject;
			attributes = {
				LastSwiftUpdateCheck = 0900;
				LastUpgradeCheck = 0900;
				ORGANIZATIONNAME = JoseMelendez;
				TargetAttributes = {
					590BCC1A1F8C885400C2D453 = {
						CreatedOnToolsVersion = 9.0;
						ProvisioningStyle = Automatic;
					};
				};
			};
			buildConfigurationList = 590BCC161F8C885400C2D453 /* Build configuration list for PBXProject "sharkCollector" */;
			compatibilityVersion = "Xcode 8.0";
			developmentRegion = en;
			hasScannedForEncodings = 0;
			knownRegions = (
				en,
				Base,
			);
			mainGroup = 590BCC121F8C885400C2D453;
			productRefGroup = 590BCC1C1F8C885400C2D453 /* Products */;
			projectDirPath = "";
			projectRoot = "";
			targets = (
				590BCC1A1F8C885400C2D453 /* sharkCollector */,
			);
		};
/* End PBXProject section */

/* Begin PBXResourcesBuildPhase section */
		590BCC191F8C885400C2D453 /* Resources */ = {
			isa = PBXResourcesBuildPhase;
			buildActionMask = 2147483647;
			files = (
				590BCC481F8C94D200C2D453 /* GoogleService-Info.plist in Resources */,
				590BCC291F8C885400C2D453 /* LaunchScreen.storyboard in Resources */,
				590BCC261F8C885400C2D453 /* Assets.xcassets in Resources */,
				590BCC241F8C885400C2D453 /* Main.storyboard in Resources */,
			);
			runOnlyForDeploymentPostprocessing = 0;
		};
/* End PBXResourcesBuildPhase section */

/* Begin PBXShellScriptBuildPhase section */
		A6512C138985991A95D838B9 /* [CP] Check Pods Manifest.lock */ = {
			isa = PBXShellScriptBuildPhase;
			buildActionMask = 2147483647;
			files = (
			);
			inputPaths = (
			);
			name = "[CP] Check Pods Manifest.lock";
			outputPaths = (
			);
			runOnlyForDeploymentPostprocessing = 0;
			shellPath = /bin/sh;
			shellScript = "diff \"${PODS_PODFILE_DIR_PATH}/Podfile.lock\" \"${PODS_ROOT}/Manifest.lock\" > /dev/null\nif [ $? != 0 ] ; then\n    # print error to STDERR\n    echo \"error: The sandbox is not in sync with the Podfile.lock. Run 'pod install' or update your CocoaPods installation.\" >&2\n    exit 1\nfi\n";
			showEnvVarsInLog = 0;
		};
		C6C48E7A2B08DEA6C2702ACE /* [CP] Copy Pods Resources */ = {
			isa = PBXShellScriptBuildPhase;
			buildActionMask = 2147483647;
			files = (
			);
			inputPaths = (
			);
			name = "[CP] Copy Pods Resources";
			outputPaths = (
			);
			runOnlyForDeploymentPostprocessing = 0;
			shellPath = /bin/sh;
			shellScript = "\"${SRCROOT}/Pods/Target Support Files/Pods-sharkCollector/Pods-sharkCollector-resources.sh\"\n";
			showEnvVarsInLog = 0;
		};
		ED83FB75545064CAC2B3F011 /* [CP] Embed Pods Frameworks */ = {
			isa = PBXShellScriptBuildPhase;
			buildActionMask = 2147483647;
			files = (
			);
			inputPaths = (
			);
			name = "[CP] Embed Pods Frameworks";
			outputPaths = (
			);
			runOnlyForDeploymentPostprocessing = 0;
			shellPath = /bin/sh;
			shellScript = "\"${SRCROOT}/Pods/Target Support Files/Pods-sharkCollector/Pods-sharkCollector-frameworks.sh\"\n";
			showEnvVarsInLog = 0;
		};
/* End PBXShellScriptBuildPhase section */

/* Begin PBXSourcesBuildPhase section */
		590BCC171F8C885400C2D453 /* Sources */ = {
			isa = PBXSourcesBuildPhase;
			buildActionMask = 2147483647;
			files = (
				590BCC391F8C8E4500C2D453 /* SignInViewController.swift in Sources */,
				590BCC1F1F8C885400C2D453 /* AppDelegate.swift in Sources */,
				590BCC3F1F8C8E8F00C2D453 /* AddBorrowerViewController.swift in Sources */,
				590BCC4C1F8D66A300C2D453 /* Borrower.swift in Sources */,
				590BCC451F8C8F3E00C2D453 /* BorrowersTableViewController.swift in Sources */,
				590BCC3D1F8C8E7000C2D453 /* BorrowerViewController.swift in Sources */,
				590BCC4E1F8D67D200C2D453 /* Payments.swift in Sources */,
				590BCC431F8C8F3100C2D453 /* PaymentsTableViewController.swift in Sources */,
				590BCC3B1F8C8E4E00C2D453 /* SignUpViewController.swift in Sources */,
			);
			runOnlyForDeploymentPostprocessing = 0;
		};
/* End PBXSourcesBuildPhase section */

/* Begin PBXVariantGroup section */
		590BCC221F8C885400C2D453 /* Main.storyboard */ = {
			isa = PBXVariantGroup;
			children = (
				590BCC231F8C885400C2D453 /* Base */,
			);
			name = Main.storyboard;
			sourceTree = "<group>";
		};
		590BCC271F8C885400C2D453 /* LaunchScreen.storyboard */ = {
			isa = PBXVariantGroup;
			children = (
				590BCC281F8C885400C2D453 /* Base */,
			);
			name = LaunchScreen.storyboard;
			sourceTree = "<group>";
		};
/* End PBXVariantGroup section */

/* Begin XCBuildConfiguration section */
		590BCC2B1F8C885400C2D453 /* Debug */ = {
			isa = XCBuildConfiguration;
			buildSettings = {
				ALWAYS_SEARCH_USER_PATHS = NO;
				CLANG_ANALYZER_NONNULL = YES;
				CLANG_ANALYZER_NUMBER_OBJECT_CONVERSION = YES_AGGRESSIVE;
				CLANG_CXX_LANGUAGE_STANDARD = "gnu++14";
				CLANG_CXX_LIBRARY = "libc++";
				CLANG_ENABLE_MODULES = YES;
				CLANG_ENABLE_OBJC_ARC = YES;
				CLANG_WARN_BLOCK_CAPTURE_AUTORELEASING = YES;
				CLANG_WARN_BOOL_CONVERSION = YES;
				CLANG_WARN_COMMA = YES;
				CLANG_WARN_CONSTANT_CONVERSION = YES;
				CLANG_WARN_DIRECT_OBJC_ISA_USAGE = YES_ERROR;
				CLANG_WARN_DOCUMENTATION_COMMENTS = YES;
				CLANG_WARN_EMPTY_BODY = YES;
				CLANG_WARN_ENUM_CONVERSION = YES;
				CLANG_WARN_INFINITE_RECURSION = YES;
				CLANG_WARN_INT_CONVERSION = YES;
				CLANG_WARN_NON_LITERAL_NULL_CONVERSION = YES;
				CLANG_WARN_OBJC_LITERAL_CONVERSION = YES;
				CLANG_WARN_OBJC_ROOT_CLASS = YES_ERROR;
				CLANG_WARN_RANGE_LOOP_ANALYSIS = YES;
				CLANG_WARN_STRICT_PROTOTYPES = YES;
				CLANG_WARN_SUSPICIOUS_MOVE = YES;
				CLANG_WARN_UNGUARDED_AVAILABILITY = YES_AGGRESSIVE;
				CLANG_WARN_UNREACHABLE_CODE = YES;
				CLANG_WARN__DUPLICATE_METHOD_MATCH = YES;
				CODE_SIGN_IDENTITY = "iPhone Developer";
				COPY_PHASE_STRIP = NO;
				DEBUG_INFORMATION_FORMAT = dwarf;
				ENABLE_STRICT_OBJC_MSGSEND = YES;
				ENABLE_TESTABILITY = YES;
				GCC_C_LANGUAGE_STANDARD = gnu11;
				GCC_DYNAMIC_NO_PIC = NO;
				GCC_NO_COMMON_BLOCKS = YES;
				GCC_OPTIMIZATION_LEVEL = 0;
				GCC_PREPROCESSOR_DEFINITIONS = (
					"DEBUG=1",
					"$(inherited)",
				);
				GCC_WARN_64_TO_32_BIT_CONVERSION = YES;
				GCC_WARN_ABOUT_RETURN_TYPE = YES_ERROR;
				GCC_WARN_UNDECLARED_SELECTOR = YES;
				GCC_WARN_UNINITIALIZED_AUTOS = YES_AGGRESSIVE;
				GCC_WARN_UNUSED_FUNCTION = YES;
				GCC_WARN_UNUSED_VARIABLE = YES;
				IPHONEOS_DEPLOYMENT_TARGET = 11.0;
				MTL_ENABLE_DEBUG_INFO = YES;
				ONLY_ACTIVE_ARCH = YES;
				SDKROOT = iphoneos;
				SWIFT_ACTIVE_COMPILATION_CONDITIONS = DEBUG;
				SWIFT_OPTIMIZATION_LEVEL = "-Onone";
			};
			name = Debug;
		};
		590BCC2C1F8C885400C2D453 /* Release */ = {
			isa = XCBuildConfiguration;
			buildSettings = {
				ALWAYS_SEARCH_USER_PATHS = NO;
				CLANG_ANALYZER_NONNULL = YES;
				CLANG_ANALYZER_NUMBER_OBJECT_CONVERSION = YES_AGGRESSIVE;
				CLANG_CXX_LANGUAGE_STANDARD = "gnu++14";
				CLANG_CXX_LIBRARY = "libc++";
				CLANG_ENABLE_MODULES = YES;
				CLANG_ENABLE_OBJC_ARC = YES;
				CLANG_WARN_BLOCK_CAPTURE_AUTORELEASING = YES;
				CLANG_WARN_BOOL_CONVERSION = YES;
				CLANG_WARN_COMMA = YES;
				CLANG_WARN_CONSTANT_CONVERSION = YES;
				CLANG_WARN_DIRECT_OBJC_ISA_USAGE = YES_ERROR;
				CLANG_WARN_DOCUMENTATION_COMMENTS = YES;
				CLANG_WARN_EMPTY_BODY = YES;
				CLANG_WARN_ENUM_CONVERSION = YES;
				CLANG_WARN_INFINITE_RECURSION = YES;
				CLANG_WARN_INT_CONVERSION = YES;
				CLANG_WARN_NON_LITERAL_NULL_CONVERSION = YES;
				CLANG_WARN_OBJC_LITERAL_CONVERSION = YES;
				CLANG_WARN_OBJC_ROOT_CLASS = YES_ERROR;
				CLANG_WARN_RANGE_LOOP_ANALYSIS = YES;
				CLANG_WARN_STRICT_PROTOTYPES = YES;
				CLANG_WARN_SUSPICIOUS_MOVE = YES;
				CLANG_WARN_UNGUARDED_AVAILABILITY = YES_AGGRESSIVE;
				CLANG_WARN_UNREACHABLE_CODE = YES;
				CLANG_WARN__DUPLICATE_METHOD_MATCH = YES;
				CODE_SIGN_IDENTITY = "iPhone Developer";
				COPY_PHASE_STRIP = NO;
				DEBUG_INFORMATION_FORMAT = "dwarf-with-dsym";
				ENABLE_NS_ASSERTIONS = NO;
				ENABLE_STRICT_OBJC_MSGSEND = YES;
				GCC_C_LANGUAGE_STANDARD = gnu11;
				GCC_NO_COMMON_BLOCKS = YES;
				GCC_WARN_64_TO_32_BIT_CONVERSION = YES;
				GCC_WARN_ABOUT_RETURN_TYPE = YES_ERROR;
				GCC_WARN_UNDECLARED_SELECTOR = YES;
				GCC_WARN_UNINITIALIZED_AUTOS = YES_AGGRESSIVE;
				GCC_WARN_UNUSED_FUNCTION = YES;
				GCC_WARN_UNUSED_VARIABLE = YES;
				IPHONEOS_DEPLOYMENT_TARGET = 11.0;
				MTL_ENABLE_DEBUG_INFO = NO;
				SDKROOT = iphoneos;
				SWIFT_OPTIMIZATION_LEVEL = "-Owholemodule";
				VALIDATE_PRODUCT = YES;
			};
			name = Release;
		};
		590BCC2E1F8C885400C2D453 /* Debug */ = {
			isa = XCBuildConfiguration;
			baseConfigurationReference = 16F0F7F4FD367FBD4D0F77AC /* Pods-sharkCollector.debug.xcconfig */;
			buildSettings = {
				ASSETCATALOG_COMPILER_APPICON_NAME = AppIcon;
				CODE_SIGN_STYLE = Automatic;
				DEVELOPMENT_TEAM = GL34LYNV2E;
				INFOPLIST_FILE = "$(SRCROOT)/sharkCollector/Resources/Info.plist";
				LD_RUNPATH_SEARCH_PATHS = "$(inherited) @executable_path/Frameworks";
				PRODUCT_BUNDLE_IDENTIFIER = com.JoseMelendez.sharkCollector;
				PRODUCT_NAME = "$(TARGET_NAME)";
				SWIFT_VERSION = 4.0;
				TARGETED_DEVICE_FAMILY = "1,2";
			};
			name = Debug;
		};
		590BCC2F1F8C885400C2D453 /* Release */ = {
			isa = XCBuildConfiguration;
			baseConfigurationReference = C02DC6A60FA912D9C28A7723 /* Pods-sharkCollector.release.xcconfig */;
			buildSettings = {
				ASSETCATALOG_COMPILER_APPICON_NAME = AppIcon;
				CODE_SIGN_STYLE = Automatic;
				DEVELOPMENT_TEAM = GL34LYNV2E;
				INFOPLIST_FILE = "$(SRCROOT)/sharkCollector/Resources/Info.plist";
				LD_RUNPATH_SEARCH_PATHS = "$(inherited) @executable_path/Frameworks";
				PRODUCT_BUNDLE_IDENTIFIER = com.JoseMelendez.sharkCollector;
				PRODUCT_NAME = "$(TARGET_NAME)";
				SWIFT_VERSION = 4.0;
				TARGETED_DEVICE_FAMILY = "1,2";
			};
			name = Release;
		};
/* End XCBuildConfiguration section */

/* Begin XCConfigurationList section */
		590BCC161F8C885400C2D453 /* Build configuration list for PBXProject "sharkCollector" */ = {
			isa = XCConfigurationList;
			buildConfigurations = (
				590BCC2B1F8C885400C2D453 /* Debug */,
				590BCC2C1F8C885400C2D453 /* Release */,
			);
			defaultConfigurationIsVisible = 0;
			defaultConfigurationName = Release;
		};
		590BCC2D1F8C885400C2D453 /* Build configuration list for PBXNativeTarget "sharkCollector" */ = {
			isa = XCConfigurationList;
			buildConfigurations = (
				590BCC2E1F8C885400C2D453 /* Debug */,
				590BCC2F1F8C885400C2D453 /* Release */,
			);
			defaultConfigurationIsVisible = 0;
			defaultConfigurationName = Release;
		};
/* End XCConfigurationList section */
	};
	rootObject = 590BCC131F8C885400C2D453 /* Project object */;
}
